
Microsoft Visual Studio Solution File, Format Version 12.00
# Visual Studio Version 17
VisualStudioVersion = 17.11.35327.3
MinimumVisualStudioVersion = 10.0.40219.1
Project("{FAE04EC0-301F-11D3-BF4B-00C04F79EFBC}") = "WindowsFormsApp18", "WindowsFormsApp18\WindowsFormsApp18.csproj", "{F14527C4-5463-4740-B354-477F1E062551}"
EndProject
Global
	GlobalSection(SolutionConfigurationPlatforms) = preSolution
		Debug|Any CPU = Debug|Any CPU
		Release|Any CPU = Release|Any CPU
	EndGlobalSection
	GlobalSection(ProjectConfigurationPlatforms) = postSolution
		{F14527C4-5463-4740-B354-477F1E062551}.Debug|Any CPU.ActiveCfg = Debug|Any CPU
		{F14527C4-5463-4740-B354-477F1E062551}.Debug|Any CPU.Build.0 = Debug|Any CPU
		{F14527C4-5463-4740-B354-477F1E062551}.Release|Any CPU.ActiveCfg = Release|Any CPU
		{F14527C4-5463-4740-B354-477F1E062551}.Release|Any CPU.Build.0 = Release|Any CPU
	EndGlobalSection
	GlobalSection(SolutionProperties) = preSolution
		HideSolutionNode = FALSE
	EndGlobalSection
	GlobalSection(ExtensibilityGlobals) = postSolution
		SolutionGuid = {45984A04-E98D-45EE-999D-24779297A058}
	EndGlobalSection
EndGlobal
